{
  "name": "test_app",
  "version": "1.0.0",
  "lockfileVersion": 1,
  "requires": true,
  "dependencies": {
    "core-js": {
      "version": "2.6.12",
      "resolved": "https://registry.npmjs.org/core-js/-/core-js-2.6.12.tgz",
      "integrity": "sha512-Kb2wC0fvsWfQrgk8HU5lW6U/Lcs8+9aaYcy4ZFc6DDlo4nZ7n70dEgE5rtR0oG6ufKDUnrwfWL1mXR5ljDatrQ=="
    },
    "linkifyjs": {
      "version": "2.1.9",
      "resolved": "https://registry.npmjs.org/linkifyjs/-/linkifyjs-2.1.9.tgz",
      "integrity": "sha512-74ivurkK6WHvHFozVaGtQWV38FzBwSTGNmJolEgFp7QgR2bl6ArUWlvT4GcHKbPe1z3nWYi+VUdDZk16zDOVug=="
    },
    "luxon": {
      "version": "1.25.0",
      "resolved": "https://registry.npmjs.org/luxon/-/luxon-1.25.0.tgz",
      "integrity": "sha512-hEgLurSH8kQRjY6i4YLey+mcKVAWXbDNlZRmM6AgWDJ1cY3atl8Ztf5wEY7VBReFbmGnwQPz7KYJblL8B2k0jQ=="
    },
    "vue": {
      "version": "2.6.12",
      "resolved": "https://registry.npmjs.org/vue/-/vue-2.6.12.tgz",
      "integrity": "sha512-uhmLFETqPPNyuLLbsKz6ioJ4q7AZHzD8ZVFNATNyICSZouqP2Sz0rotWQC8UNBF6VGSCs5abnKJoStA6JbCbfg=="
    },
    "vue-material-design-icons": {
      "version": "4.11.0",
      "resolved": "https://registry.npmjs.org/vue-material-design-icons/-/vue-material-design-icons-4.11.0.tgz",
      "integrity": "sha512-3Tyeqi9jtONQ/x8WkJqiBs4t5Bd5O1t7RdM/GIPKVYoVdaRy0oy3nbRjnMGyONBlqC/NpPjzhWeoZWUMEI04nA=="
    },
    "vue-quick-chat": {
      "version": "1.2.6",
      "resolved": "https://registry.npmjs.org/vue-quick-chat/-/vue-quick-chat-1.2.6.tgz",
      "integrity": "sha512-dpjFp+Mt52ZEtZm7s6i6q/J5scHtPXpIwPyRJRfsr5It4PQE8LJfavaok6WTcqdub+GO+bO1n2wCYGiGwk4CNw==",
      "requires": {
        "core-js": "^2.6.5",
        "linkifyjs": "^2.1.9",
        "luxon": "^1.21.3",
        "vue": "^2.6.10",
        "vue-material-design-icons": "^4.4.0",
        "vuex": "^3.0.1"
      }
    },
    "vuex": {
      "version": "3.6.0",
      "resolved": "https://registry.npmjs.org/vuex/-/vuex-3.6.0.tgz",
      "integrity": "sha512-W74OO2vCJPs9/YjNjW8lLbj+jzT24waTo2KShI8jLvJW8OaIkgb3wuAMA7D+ZiUxDOx3ubwSZTaJBip9G8a3aQ=="
    }
  }
}
